
Microsoft Visual Studio Solution File, Format Version 12.00
# Visual Studio Version 17
VisualStudioVersion = 17.2.32630.192
MinimumVisualStudioVersion = 10.0.40219.1
Project("{9A19103F-16F7-4668-BE54-9A1E7A4F7556}") = "R5T.T0190.Construction", "R5T.T0190.Construction\R5T.T0190.Construction.csproj", "{49368208-5265-4AEF-B729-19697CD74388}"
EndProject
Project("{9A19103F-16F7-4668-BE54-9A1E7A4F7556}") = "R5T.T0190", "R5T.T0190\R5T.T0190.csproj", "{877C48ED-1747-40B1-8753-8CF74CB6594D}"
EndProject
Project("{2150E333-8FDC-42A3-9474-1A3956D46DE8}") = "_Dependencies", "_Dependencies", "{A064D134-7523-4940-B65F-1E614AC99A3E}"
EndProject
Project("{9A19103F-16F7-4668-BE54-9A1E7A4F7556}") = "R5T.T0132", "..\..\R5T.T0132\source\R5T.T0132\R5T.T0132.csproj", "{3F004071-C61F-45B7-B6EC-D169CDD7DB48}"
EndProject
Project("{9A19103F-16F7-4668-BE54-9A1E7A4F7556}") = "R5T.T0143", "..\..\R5T.T0143\source\R5T.T0143\R5T.T0143.csproj", "{1A745B3F-DA8D-48AF-A74F-C5C69971CFB6}"
EndProject
Project("{9A19103F-16F7-4668-BE54-9A1E7A4F7556}") = "R5T.T0178", "..\..\R5T.T0178\source\R5T.T0178\R5T.T0178.csproj", "{F5BD2B19-72A3-4B35-8615-DAAEEB2BF86B}"
EndProject
Project("{9A19103F-16F7-4668-BE54-9A1E7A4F7556}") = "R5T.T0179", "..\..\R5T.T0179\source\R5T.T0179\R5T.T0179.csproj", "{2D3CC416-B70D-48A7-A92E-8A398530E874}"
EndProject
Project("{9A19103F-16F7-4668-BE54-9A1E7A4F7556}") = "R5T.T0180", "..\..\R5T.T0180\source\R5T.T0180\R5T.T0180.csproj", "{FBF68978-F325-4683-B9AF-15F32F320365}"
EndProject
Global
	GlobalSection(NestedProjects) = preSolution
		{3F004071-C61F-45B7-B6EC-D169CDD7DB48} = {A064D134-7523-4940-B65F-1E614AC99A3E}
		{1A745B3F-DA8D-48AF-A74F-C5C69971CFB6} = {A064D134-7523-4940-B65F-1E614AC99A3E}
		{F5BD2B19-72A3-4B35-8615-DAAEEB2BF86B} = {A064D134-7523-4940-B65F-1E614AC99A3E}
		{2D3CC416-B70D-48A7-A92E-8A398530E874} = {A064D134-7523-4940-B65F-1E614AC99A3E}
		{FBF68978-F325-4683-B9AF-15F32F320365} = {A064D134-7523-4940-B65F-1E614AC99A3E}
	EndGlobalSection
	GlobalSection(SolutionConfigurationPlatforms) = preSolution
		Debug|Any CPU = Debug|Any CPU
		Release|Any CPU = Release|Any CPU
	EndGlobalSection
	GlobalSection(ProjectConfigurationPlatforms) = postSolution
		{49368208-5265-4AEF-B729-19697CD74388}.Debug|Any CPU.ActiveCfg = Debug|Any CPU
		{49368208-5265-4AEF-B729-19697CD74388}.Debug|Any CPU.Build.0 = Debug|Any CPU
		{49368208-5265-4AEF-B729-19697CD74388}.Release|Any CPU.ActiveCfg = Release|Any CPU
		{49368208-5265-4AEF-B729-19697CD74388}.Release|Any CPU.Build.0 = Release|Any CPU
		{877C48ED-1747-40B1-8753-8CF74CB6594D}.Debug|Any CPU.ActiveCfg = Debug|Any CPU
		{877C48ED-1747-40B1-8753-8CF74CB6594D}.Debug|Any CPU.Build.0 = Debug|Any CPU
		{877C48ED-1747-40B1-8753-8CF74CB6594D}.Release|Any CPU.ActiveCfg = Release|Any CPU
		{877C48ED-1747-40B1-8753-8CF74CB6594D}.Release|Any CPU.Build.0 = Release|Any CPU
		{3F004071-C61F-45B7-B6EC-D169CDD7DB48}.Debug|Any CPU.ActiveCfg = Debug|Any CPU
		{3F004071-C61F-45B7-B6EC-D169CDD7DB48}.Debug|Any CPU.Build.0 = Debug|Any CPU
		{3F004071-C61F-45B7-B6EC-D169CDD7DB48}.Release|Any CPU.ActiveCfg = Release|Any CPU
		{3F004071-C61F-45B7-B6EC-D169CDD7DB48}.Release|Any CPU.Build.0 = Release|Any CPU
		{1A745B3F-DA8D-48AF-A74F-C5C69971CFB6}.Debug|Any CPU.ActiveCfg = Debug|Any CPU
		{1A745B3F-DA8D-48AF-A74F-C5C69971CFB6}.Debug|Any CPU.Build.0 = Debug|Any CPU
		{1A745B3F-DA8D-48AF-A74F-C5C69971CFB6}.Release|Any CPU.ActiveCfg = Release|Any CPU
		{1A745B3F-DA8D-48AF-A74F-C5C69971CFB6}.Release|Any CPU.Build.0 = Release|Any CPU
		{F5BD2B19-72A3-4B35-8615-DAAEEB2BF86B}.Debug|Any CPU.ActiveCfg = Debug|Any CPU
		{F5BD2B19-72A3-4B35-8615-DAAEEB2BF86B}.Debug|Any CPU.Build.0 = Debug|Any CPU
		{F5BD2B19-72A3-4B35-8615-DAAEEB2BF86B}.Release|Any CPU.ActiveCfg = Release|Any CPU
		{F5BD2B19-72A3-4B35-8615-DAAEEB2BF86B}.Release|Any CPU.Build.0 = Release|Any CPU
		{2D3CC416-B70D-48A7-A92E-8A398530E874}.Debug|Any CPU.ActiveCfg = Debug|Any CPU
		{2D3CC416-B70D-48A7-A92E-8A398530E874}.Debug|Any CPU.Build.0 = Debug|Any CPU
		{2D3CC416-B70D-48A7-A92E-8A398530E874}.Release|Any CPU.ActiveCfg = Release|Any CPU
		{2D3CC416-B70D-48A7-A92E-8A398530E874}.Release|Any CPU.Build.0 = Release|Any CPU
		{FBF68978-F325-4683-B9AF-15F32F320365}.Debug|Any CPU.ActiveCfg = Debug|Any CPU
		{FBF68978-F325-4683-B9AF-15F32F320365}.Debug|Any CPU.Build.0 = Debug|Any CPU
		{FBF68978-F325-4683-B9AF-15F32F320365}.Release|Any CPU.ActiveCfg = Release|Any CPU
		{FBF68978-F325-4683-B9AF-15F32F320365}.Release|Any CPU.Build.0 = Release|Any CPU
	EndGlobalSection
	GlobalSection(SolutionProperties) = preSolution
		HideSolutionNode = FALSE
	EndGlobalSection
	GlobalSection(ExtensibilityGlobals) = postSolution
		SolutionGuid = {4F804C7C-3FC8-4819-B22C-5ECEFD9A7C86}
	EndGlobalSection
EndGlobal
