
Microsoft Visual Studio Solution File, Format Version 12.00
# Visual Studio Version 17
VisualStudioVersion = 17.2.32630.192
MinimumVisualStudioVersion = 10.0.40219.1
Project("{9A19103F-16F7-4668-BE54-9A1E7A4F7556}") = "R5T.T0190", "R5T.T0190\R5T.T0190.csproj", "{384F8997-6DE3-4FB4-B945-03F6D0DDA9A3}"
EndProject
Project("{2150E333-8FDC-42A3-9474-1A3956D46DE8}") = "_Dependencies", "_Dependencies", "{77A712E4-2D0A-4973-9807-92C88ACD967E}"
EndProject
Project("{9A19103F-16F7-4668-BE54-9A1E7A4F7556}") = "R5T.T0132", "..\..\R5T.T0132\source\R5T.T0132\R5T.T0132.csproj", "{65B7043A-E5E2-4931-8F03-D14819A60E02}"
EndProject
Project("{9A19103F-16F7-4668-BE54-9A1E7A4F7556}") = "R5T.T0143", "..\..\R5T.T0143\source\R5T.T0143\R5T.T0143.csproj", "{51D689BC-7CCA-4DE7-8F37-8BF391BCC2CD}"
EndProject
Project("{9A19103F-16F7-4668-BE54-9A1E7A4F7556}") = "R5T.T0178", "..\..\R5T.T0178\source\R5T.T0178\R5T.T0178.csproj", "{8D44B22C-89A3-4F1D-B7AA-BD6508EE8EB7}"
EndProject
Project("{9A19103F-16F7-4668-BE54-9A1E7A4F7556}") = "R5T.T0179", "..\..\R5T.T0179\source\R5T.T0179\R5T.T0179.csproj", "{F51A0754-9865-469C-AC65-6AB81D6F5F8A}"
EndProject
Project("{9A19103F-16F7-4668-BE54-9A1E7A4F7556}") = "R5T.T0180", "..\..\R5T.T0180\source\R5T.T0180\R5T.T0180.csproj", "{BC87CE5A-DCDF-4751-A494-B7978A19F7F6}"
EndProject
Global
	GlobalSection(NestedProjects) = preSolution
		{65B7043A-E5E2-4931-8F03-D14819A60E02} = {77A712E4-2D0A-4973-9807-92C88ACD967E}
		{51D689BC-7CCA-4DE7-8F37-8BF391BCC2CD} = {77A712E4-2D0A-4973-9807-92C88ACD967E}
		{8D44B22C-89A3-4F1D-B7AA-BD6508EE8EB7} = {77A712E4-2D0A-4973-9807-92C88ACD967E}
		{F51A0754-9865-469C-AC65-6AB81D6F5F8A} = {77A712E4-2D0A-4973-9807-92C88ACD967E}
		{BC87CE5A-DCDF-4751-A494-B7978A19F7F6} = {77A712E4-2D0A-4973-9807-92C88ACD967E}
	EndGlobalSection
	GlobalSection(SolutionConfigurationPlatforms) = preSolution
		Debug|Any CPU = Debug|Any CPU
		Release|Any CPU = Release|Any CPU
	EndGlobalSection
	GlobalSection(ProjectConfigurationPlatforms) = postSolution
		{384F8997-6DE3-4FB4-B945-03F6D0DDA9A3}.Debug|Any CPU.ActiveCfg = Debug|Any CPU
		{384F8997-6DE3-4FB4-B945-03F6D0DDA9A3}.Debug|Any CPU.Build.0 = Debug|Any CPU
		{384F8997-6DE3-4FB4-B945-03F6D0DDA9A3}.Release|Any CPU.ActiveCfg = Release|Any CPU
		{384F8997-6DE3-4FB4-B945-03F6D0DDA9A3}.Release|Any CPU.Build.0 = Release|Any CPU
		{65B7043A-E5E2-4931-8F03-D14819A60E02}.Debug|Any CPU.ActiveCfg = Debug|Any CPU
		{65B7043A-E5E2-4931-8F03-D14819A60E02}.Debug|Any CPU.Build.0 = Debug|Any CPU
		{65B7043A-E5E2-4931-8F03-D14819A60E02}.Release|Any CPU.ActiveCfg = Release|Any CPU
		{65B7043A-E5E2-4931-8F03-D14819A60E02}.Release|Any CPU.Build.0 = Release|Any CPU
		{51D689BC-7CCA-4DE7-8F37-8BF391BCC2CD}.Debug|Any CPU.ActiveCfg = Debug|Any CPU
		{51D689BC-7CCA-4DE7-8F37-8BF391BCC2CD}.Debug|Any CPU.Build.0 = Debug|Any CPU
		{51D689BC-7CCA-4DE7-8F37-8BF391BCC2CD}.Release|Any CPU.ActiveCfg = Release|Any CPU
		{51D689BC-7CCA-4DE7-8F37-8BF391BCC2CD}.Release|Any CPU.Build.0 = Release|Any CPU
		{8D44B22C-89A3-4F1D-B7AA-BD6508EE8EB7}.Debug|Any CPU.ActiveCfg = Debug|Any CPU
		{8D44B22C-89A3-4F1D-B7AA-BD6508EE8EB7}.Debug|Any CPU.Build.0 = Debug|Any CPU
		{8D44B22C-89A3-4F1D-B7AA-BD6508EE8EB7}.Release|Any CPU.ActiveCfg = Release|Any CPU
		{8D44B22C-89A3-4F1D-B7AA-BD6508EE8EB7}.Release|Any CPU.Build.0 = Release|Any CPU
		{F51A0754-9865-469C-AC65-6AB81D6F5F8A}.Debug|Any CPU.ActiveCfg = Debug|Any CPU
		{F51A0754-9865-469C-AC65-6AB81D6F5F8A}.Debug|Any CPU.Build.0 = Debug|Any CPU
		{F51A0754-9865-469C-AC65-6AB81D6F5F8A}.Release|Any CPU.ActiveCfg = Release|Any CPU
		{F51A0754-9865-469C-AC65-6AB81D6F5F8A}.Release|Any CPU.Build.0 = Release|Any CPU
		{BC87CE5A-DCDF-4751-A494-B7978A19F7F6}.Debug|Any CPU.ActiveCfg = Debug|Any CPU
		{BC87CE5A-DCDF-4751-A494-B7978A19F7F6}.Debug|Any CPU.Build.0 = Debug|Any CPU
		{BC87CE5A-DCDF-4751-A494-B7978A19F7F6}.Release|Any CPU.ActiveCfg = Release|Any CPU
		{BC87CE5A-DCDF-4751-A494-B7978A19F7F6}.Release|Any CPU.Build.0 = Release|Any CPU
	EndGlobalSection
	GlobalSection(SolutionProperties) = preSolution
		HideSolutionNode = FALSE
	EndGlobalSection
	GlobalSection(ExtensibilityGlobals) = postSolution
		SolutionGuid = {9F4C2A03-58DE-43E5-9A5F-8C45CE5D88A7}
	EndGlobalSection
EndGlobal
